
Microsoft Visual Studio Solution File, Format Version 12.00
# Visual Studio Version 17
VisualStudioVersion = 17.3.32804.467
MinimumVisualStudioVersion = 10.0.40219.1
Project("{FAE04EC0-301F-11D3-BF4B-00C04F79EFBC}") = "TPFINALFINAL", "TPFINALFINAL\TPFINALFINAL.csproj", "{02933755-FF83-4CE2-83BA-98AC2F712E5F}"
EndProject
Global
	GlobalSection(SolutionConfigurationPlatforms) = preSolution
		Debug|Any CPU = Debug|Any CPU
		Release|Any CPU = Release|Any CPU
	EndGlobalSection
	GlobalSection(ProjectConfigurationPlatforms) = postSolution
		{02933755-FF83-4CE2-83BA-98AC2F712E5F}.Debug|Any CPU.ActiveCfg = Debug|Any CPU
		{02933755-FF83-4CE2-83BA-98AC2F712E5F}.Debug|Any CPU.Build.0 = Debug|Any CPU
		{02933755-FF83-4CE2-83BA-98AC2F712E5F}.Release|Any CPU.ActiveCfg = Release|Any CPU
		{02933755-FF83-4CE2-83BA-98AC2F712E5F}.Release|Any CPU.Build.0 = Release|Any CPU
	EndGlobalSection
	GlobalSection(SolutionProperties) = preSolution
		HideSolutionNode = FALSE
	EndGlobalSection
	GlobalSection(ExtensibilityGlobals) = postSolution
		SolutionGuid = {8AE9BFD0-AEAA-4DB9-AEA3-F3455DC22B83}
	EndGlobalSection
EndGlobal
